
Microsoft Visual Studio Solution File, Format Version 12.00
# Visual Studio Version 17
VisualStudioVersion = 17.4.33213.308
MinimumVisualStudioVersion = 10.0.40219.1
Project("{FAE04EC0-301F-11D3-BF4B-00C04F79EFBC}") = "Back", "Back.csproj", "{2B882BD3-32B3-4B7E-ABB7-11500616B527}"
EndProject
Global
	GlobalSection(SolutionConfigurationPlatforms) = preSolution
		Debug|Any CPU = Debug|Any CPU
		Release|Any CPU = Release|Any CPU
	EndGlobalSection
	GlobalSection(ProjectConfigurationPlatforms) = postSolution
		{2B882BD3-32B3-4B7E-ABB7-11500616B527}.Debug|Any CPU.ActiveCfg = Debug|Any CPU
		{2B882BD3-32B3-4B7E-ABB7-11500616B527}.Debug|Any CPU.Build.0 = Debug|Any CPU
		{2B882BD3-32B3-4B7E-ABB7-11500616B527}.Release|Any CPU.ActiveCfg = Release|Any CPU
		{2B882BD3-32B3-4B7E-ABB7-11500616B527}.Release|Any CPU.Build.0 = Release|Any CPU
	EndGlobalSection
	GlobalSection(SolutionProperties) = preSolution
		HideSolutionNode = FALSE
	EndGlobalSection
	GlobalSection(ExtensibilityGlobals) = postSolution
		SolutionGuid = {B5C9BBE6-C5A1-4794-AF60-1A168047ED36}
	EndGlobalSection
EndGlobal
